
Microsoft Visual Studio Solution File, Format Version 12.00
# Visual Studio 15
VisualStudioVersion = 15.0.28010.2026
MinimumVisualStudioVersion = 10.0.40219.1
Project("{FAE04EC0-301F-11D3-BF4B-00C04F79EFBC}") = "Sodev.Martens.Presentation", "Sodev.Martens.Presentation\Sodev.Martens.Presentation.csproj", "{5248ABB1-82BD-46E6-83FA-0DEC6BCBA756}"
EndProject
Global
	GlobalSection(SolutionConfigurationPlatforms) = preSolution
		Debug|Any CPU = Debug|Any CPU
		Release|Any CPU = Release|Any CPU
	EndGlobalSection
	GlobalSection(ProjectConfigurationPlatforms) = postSolution
		{5248ABB1-82BD-46E6-83FA-0DEC6BCBA756}.Debug|Any CPU.ActiveCfg = Debug|Any CPU
		{5248ABB1-82BD-46E6-83FA-0DEC6BCBA756}.Debug|Any CPU.Build.0 = Debug|Any CPU
		{5248ABB1-82BD-46E6-83FA-0DEC6BCBA756}.Release|Any CPU.ActiveCfg = Release|Any CPU
		{5248ABB1-82BD-46E6-83FA-0DEC6BCBA756}.Release|Any CPU.Build.0 = Release|Any CPU
	EndGlobalSection
	GlobalSection(SolutionProperties) = preSolution
		HideSolutionNode = FALSE
	EndGlobalSection
	GlobalSection(ExtensibilityGlobals) = postSolution
		SolutionGuid = {B633089D-13CD-4B04-9F6E-F006A900AF98}
	EndGlobalSection
EndGlobal
